
Microsoft Visual Studio Solution File, Format Version 12.00
# Visual Studio Version 17
VisualStudioVersion = 17.0.32014.148
MinimumVisualStudioVersion = 10.0.40219.1
Project("{FAE04EC0-301F-11D3-BF4B-00C04F79EFBC}") = "Robot-Cleaner", "Robot-Cleaner\Robot-Cleaner.csproj", "{ECC89C8F-A303-4AE9-96E0-0CE8B0CC98F7}"
EndProject
Project("{FAE04EC0-301F-11D3-BF4B-00C04F79EFBC}") = "Testing", "Testing\Testing.csproj", "{E71744A9-03E6-4A0A-88DF-6FA645AD2196}"
	ProjectSection(ProjectDependencies) = postProject
		{ECC89C8F-A303-4AE9-96E0-0CE8B0CC98F7} = {ECC89C8F-A303-4AE9-96E0-0CE8B0CC98F7}
	EndProjectSection
EndProject
Global
	GlobalSection(SolutionConfigurationPlatforms) = preSolution
		Debug|Any CPU = Debug|Any CPU
		Release|Any CPU = Release|Any CPU
	EndGlobalSection
	GlobalSection(ProjectConfigurationPlatforms) = postSolution
		{ECC89C8F-A303-4AE9-96E0-0CE8B0CC98F7}.Debug|Any CPU.ActiveCfg = Debug|Any CPU
		{ECC89C8F-A303-4AE9-96E0-0CE8B0CC98F7}.Debug|Any CPU.Build.0 = Debug|Any CPU
		{ECC89C8F-A303-4AE9-96E0-0CE8B0CC98F7}.Release|Any CPU.ActiveCfg = Release|Any CPU
		{ECC89C8F-A303-4AE9-96E0-0CE8B0CC98F7}.Release|Any CPU.Build.0 = Release|Any CPU
		{E71744A9-03E6-4A0A-88DF-6FA645AD2196}.Debug|Any CPU.ActiveCfg = Debug|Any CPU
		{E71744A9-03E6-4A0A-88DF-6FA645AD2196}.Debug|Any CPU.Build.0 = Debug|Any CPU
		{E71744A9-03E6-4A0A-88DF-6FA645AD2196}.Release|Any CPU.ActiveCfg = Release|Any CPU
		{E71744A9-03E6-4A0A-88DF-6FA645AD2196}.Release|Any CPU.Build.0 = Release|Any CPU
	EndGlobalSection
	GlobalSection(SolutionProperties) = preSolution
		HideSolutionNode = FALSE
	EndGlobalSection
	GlobalSection(ExtensibilityGlobals) = postSolution
		SolutionGuid = {29FE348B-5155-496D-A1A6-04AFD82D0168}
	EndGlobalSection
EndGlobal
